
Microsoft Visual Studio Solution File, Format Version 12.00
# Visual Studio Version 17
VisualStudioVersion = 17.11.35222.181
MinimumVisualStudioVersion = 10.0.40219.1
Project("{FAE04EC0-301F-11D3-BF4B-00C04F79EFBC}") = "messi", "messi\messi.csproj", "{395FE612-BB65-42A9-B2A6-F0CCBF43762C}"
EndProject
Global
	GlobalSection(SolutionConfigurationPlatforms) = preSolution
		Debug|Any CPU = Debug|Any CPU
		Release|Any CPU = Release|Any CPU
	EndGlobalSection
	GlobalSection(ProjectConfigurationPlatforms) = postSolution
		{395FE612-BB65-42A9-B2A6-F0CCBF43762C}.Debug|Any CPU.ActiveCfg = Debug|Any CPU
		{395FE612-BB65-42A9-B2A6-F0CCBF43762C}.Debug|Any CPU.Build.0 = Debug|Any CPU
		{395FE612-BB65-42A9-B2A6-F0CCBF43762C}.Release|Any CPU.ActiveCfg = Release|Any CPU
		{395FE612-BB65-42A9-B2A6-F0CCBF43762C}.Release|Any CPU.Build.0 = Release|Any CPU
	EndGlobalSection
	GlobalSection(SolutionProperties) = preSolution
		HideSolutionNode = FALSE
	EndGlobalSection
	GlobalSection(ExtensibilityGlobals) = postSolution
		SolutionGuid = {F6C898C6-DAD3-4F5F-AAE3-A61F395191D7}
	EndGlobalSection
EndGlobal
